Microsoft Visual Studio Solution File, Format Version 12.00
# Visual Studio 2012
Project("{FAE04EC0-301F-11D3-BF4B-00C04F79EFBC}") = "CS 5410 Final", "CS 5410 Final.csproj", "{0ECC4D88-7FD9-416D-8DCE-40963785B7EA}"
EndProject
Global
	GlobalSection(SolutionConfigurationPlatforms) = preSolution
	Debug|Any CPU = Debug|Any CPU
	ExportDebug|Any CPU = ExportDebug|Any CPU
	ExportRelease|Any CPU = ExportRelease|Any CPU
	EndGlobalSection
	GlobalSection(ProjectConfigurationPlatforms) = postSolution
		{0ECC4D88-7FD9-416D-8DCE-40963785B7EA}.Debug|Any CPU.ActiveCfg = Debug|Any CPU
		{0ECC4D88-7FD9-416D-8DCE-40963785B7EA}.Debug|Any CPU.Build.0 = Debug|Any CPU
		{0ECC4D88-7FD9-416D-8DCE-40963785B7EA}.ExportDebug|Any CPU.ActiveCfg = ExportDebug|Any CPU
		{0ECC4D88-7FD9-416D-8DCE-40963785B7EA}.ExportDebug|Any CPU.Build.0 = ExportDebug|Any CPU
		{0ECC4D88-7FD9-416D-8DCE-40963785B7EA}.ExportRelease|Any CPU.ActiveCfg = ExportRelease|Any CPU
		{0ECC4D88-7FD9-416D-8DCE-40963785B7EA}.ExportRelease|Any CPU.Build.0 = ExportRelease|Any CPU
	EndGlobalSection
EndGlobal
